
Microsoft Visual Studio Solution File, Format Version 12.00
# Visual Studio Version 16
VisualStudioVersion = 25.0.1704.2
MinimumVisualStudioVersion = 10.0.40219.1
Project("{FAE04EC0-301F-11D3-BF4B-00C04F79EFBC}") = "while_dowhile_loops", "while_dowhile_loops\while_dowhile_loops.csproj", "{0FD996B9-CA9E-4419-B2A1-96DB053D6255}"
EndProject
Global
	GlobalSection(SolutionConfigurationPlatforms) = preSolution
		Debug|Any CPU = Debug|Any CPU
		Release|Any CPU = Release|Any CPU
	EndGlobalSection
	GlobalSection(ProjectConfigurationPlatforms) = postSolution
		{0FD996B9-CA9E-4419-B2A1-96DB053D6255}.Debug|Any CPU.ActiveCfg = Debug|Any CPU
		{0FD996B9-CA9E-4419-B2A1-96DB053D6255}.Debug|Any CPU.Build.0 = Debug|Any CPU
		{0FD996B9-CA9E-4419-B2A1-96DB053D6255}.Release|Any CPU.ActiveCfg = Release|Any CPU
		{0FD996B9-CA9E-4419-B2A1-96DB053D6255}.Release|Any CPU.Build.0 = Release|Any CPU
	EndGlobalSection
	GlobalSection(SolutionProperties) = preSolution
		HideSolutionNode = FALSE
	EndGlobalSection
	GlobalSection(ExtensibilityGlobals) = postSolution
		SolutionGuid = {24B3354B-F7AE-4FFF-A21F-7F6598BD63EF}
	EndGlobalSection
EndGlobal
