
Microsoft Visual Studio Solution File, Format Version 12.00
# Visual Studio Version 16
VisualStudioVersion = 25.0.1704.2
MinimumVisualStudioVersion = 10.0.40219.1
Project("{FAE04EC0-301F-11D3-BF4B-00C04F79EFBC}") = "CarInsuranceApproval", "CarInsuranceApproval\CarInsuranceApproval.csproj", "{C57407B2-8B61-40A9-97EE-F6208E5BADE2}"
EndProject
Global
	GlobalSection(SolutionConfigurationPlatforms) = preSolution
		Debug|Any CPU = Debug|Any CPU
		Release|Any CPU = Release|Any CPU
	EndGlobalSection
	GlobalSection(ProjectConfigurationPlatforms) = postSolution
		{C57407B2-8B61-40A9-97EE-F6208E5BADE2}.Debug|Any CPU.ActiveCfg = Debug|Any CPU
		{C57407B2-8B61-40A9-97EE-F6208E5BADE2}.Debug|Any CPU.Build.0 = Debug|Any CPU
		{C57407B2-8B61-40A9-97EE-F6208E5BADE2}.Release|Any CPU.ActiveCfg = Release|Any CPU
		{C57407B2-8B61-40A9-97EE-F6208E5BADE2}.Release|Any CPU.Build.0 = Release|Any CPU
	EndGlobalSection
	GlobalSection(SolutionProperties) = preSolution
		HideSolutionNode = FALSE
	EndGlobalSection
	GlobalSection(ExtensibilityGlobals) = postSolution
		SolutionGuid = {37402286-DAC2-4160-85FF-A2722127A280}
	EndGlobalSection
EndGlobal
